// !$*UTF8*$!
{
	archiveVersion = 1;
	classes = {
	};
	objectVersion = 46;
	objects = {

/* Begin PBXBuildFile section */
		445461AA1E8AB99D0097EA25 /* AppDelegate.swift in Sources */ = {isa = PBXBuildFile; fileRef = 445461A91E8AB99D0097EA25 /* AppDelegate.swift */; };
		445461AC1E8AB99D0097EA25 /* FirstViewController.swift in Sources */ = {isa = PBXBuildFile; fileRef = 445461AB1E8AB99D0097EA25 /* FirstViewController.swift */; };
		445461AE1E8AB99D0097EA25 /* SecondViewController.swift in Sources */ = {isa = PBXBuildFile; fileRef = 445461AD1E8AB99D0097EA25 /* SecondViewController.swift */; };
		445461B11E8AB99D0097EA25 /* Main.storyboard in Resources */ = {isa = PBXBuildFile; fileRef = 445461AF1E8AB99D0097EA25 /* Main.storyboard */; };
		445461B31E8AB99D0097EA25 /* Assets.xcassets in Resources */ = {isa = PBXBuildFile; fileRef = 445461B21E8AB99D0097EA25 /* Assets.xcassets */; };
		445461B61E8AB99D0097EA25 /* LaunchScreen.storyboard in Resources */ = {isa = PBXBuildFile; fileRef = 445461B41E8AB99D0097EA25 /* LaunchScreen.storyboard */; };
		445461C11E8AB99D0097EA25 /* recoding_dietTests.swift in Sources */ = {isa = PBXBuildFile; fileRef = 445461C01E8AB99D0097EA25 /* recoding_dietTests.swift */; };
		445461CC1E8AB99D0097EA25 /* recoding_dietUITests.swift in Sources */ = {isa = PBXBuildFile; fileRef = 445461CB1E8AB99D0097EA25 /* recoding_dietUITests.swift */; };
		446E1C4F1E8CEB3F009FB49D /* ThirdViewController.swift in Sources */ = {isa = PBXBuildFile; fileRef = 446E1C4E1E8CEB3F009FB49D /* ThirdViewController.swift */; };
		446E1C551E8D0E35009FB49D /* pencil@2x.png in Resources */ = {isa = PBXBuildFile; fileRef = 446E1C521E8D0E35009FB49D /* pencil@2x.png */; };
		446E1C561E8D0E35009FB49D /* cog_01@2x.png in Resources */ = {isa = PBXBuildFile; fileRef = 446E1C531E8D0E35009FB49D /* cog_01@2x.png */; };
		446E1C571E8D0E35009FB49D /* graph_bar@2x.png in Resources */ = {isa = PBXBuildFile; fileRef = 446E1C541E8D0E35009FB49D /* graph_bar@2x.png */; };
/* End PBXBuildFile section */

/* Begin PBXContainerItemProxy section */
		443776D61E9E384500F98F4F /* PBXContainerItemProxy */ = {
			isa = PBXContainerItemProxy;
			containerPortal = 443776C41E9E384500F98F4F /* SwiftyJSON.xcodeproj */;
			proxyType = 2;
			remoteGlobalIDString = 2E4FEFDB19575BE100351305;
			remoteInfo = "SwiftyJSON iOS";
		};
		443776D81E9E384500F98F4F /* PBXContainerItemProxy */ = {
			isa = PBXContainerItemProxy;
			containerPortal = 443776C41E9E384500F98F4F /* SwiftyJSON.xcodeproj */;
			proxyType = 2;
			remoteGlobalIDString = 2E4FEFE619575BE100351305;
			remoteInfo = "SwiftyJSON iOS Tests";
		};
		443776DA1E9E384500F98F4F /* PBXContainerItemProxy */ = {
			isa = PBXContainerItemProxy;
			containerPortal = 443776C41E9E384500F98F4F /* SwiftyJSON.xcodeproj */;
			proxyType = 2;
			remoteGlobalIDString = 9C7DFC5B1A9102BD005AA3F7;
			remoteInfo = "SwiftyJSON OSX";
		};
		443776DC1E9E384500F98F4F /* PBXContainerItemProxy */ = {
			isa = PBXContainerItemProxy;
			containerPortal = 443776C41E9E384500F98F4F /* SwiftyJSON.xcodeproj */;
			proxyType = 2;
			remoteGlobalIDString = 9C7DFC651A9102BD005AA3F7;
			remoteInfo = "SwiftyJSON OSX Tests";
		};
		443776DE1E9E384500F98F4F /* PBXContainerItemProxy */ = {
			isa = PBXContainerItemProxy;
			containerPortal = 443776C41E9E384500F98F4F /* SwiftyJSON.xcodeproj */;
			proxyType = 2;
			remoteGlobalIDString = E4D7CCE81B9465A700EE7221;
			remoteInfo = "SwiftyJSON watchOS";
		};
		443776E01E9E384500F98F4F /* PBXContainerItemProxy */ = {
			isa = PBXContainerItemProxy;
			containerPortal = 443776C41E9E384500F98F4F /* SwiftyJSON.xcodeproj */;
			proxyType = 2;
			remoteGlobalIDString = 7236B4F61BAC14150020529B;
			remoteInfo = "SwiftyJSON tvOS";
		};
		443776E21E9E384500F98F4F /* PBXContainerItemProxy */ = {
			isa = PBXContainerItemProxy;
			containerPortal = 443776C41E9E384500F98F4F /* SwiftyJSON.xcodeproj */;
			proxyType = 2;
			remoteGlobalIDString = A8580F741BCF5C5B00DA927B;
			remoteInfo = "SwiftyJSON tvOS Tests";
		};
		443776E41E9E386D00F98F4F /* PBXContainerItemProxy */ = {
			isa = PBXContainerItemProxy;
			containerPortal = 443776C41E9E384500F98F4F /* SwiftyJSON.xcodeproj */;
			proxyType = 1;
			remoteGlobalIDString = 2E4FEFDA19575BE100351305;
			remoteInfo = "SwiftyJSON iOS";
		};
		445461BD1E8AB99D0097EA25 /* PBXContainerItemProxy */ = {
			isa = PBXContainerItemProxy;
			containerPortal = 4454619E1E8AB99D0097EA25 /* Project object */;
			proxyType = 1;
			remoteGlobalIDString = 445461A51E8AB99D0097EA25;
			remoteInfo = "recoding diet";
		};
		445461C81E8AB99D0097EA25 /* PBXContainerItemProxy */ = {
			isa = PBXContainerItemProxy;
			containerPortal = 4454619E1E8AB99D0097EA25 /* Project object */;
			proxyType = 1;
			remoteGlobalIDString = 445461A51E8AB99D0097EA25;
			remoteInfo = "recoding diet";
		};
		44CC95161E92591F0057066D /* PBXContainerItemProxy */ = {
			isa = PBXContainerItemProxy;
			containerPortal = 44CC950B1E92591F0057066D /* Alamofire.xcodeproj */;
			proxyType = 2;
			remoteGlobalIDString = F8111E3319A95C8B0040E7D1;
			remoteInfo = "Alamofire iOS";
		};
		44CC95181E92591F0057066D /* PBXContainerItemProxy */ = {
			isa = PBXContainerItemProxy;
			containerPortal = 44CC950B1E92591F0057066D /* Alamofire.xcodeproj */;
			proxyType = 2;
			remoteGlobalIDString = F8111E3E19A95C8B0040E7D1;
			remoteInfo = "Alamofire iOS Tests";
		};
		44CC951A1E92591F0057066D /* PBXContainerItemProxy */ = {
			isa = PBXContainerItemProxy;
			containerPortal = 44CC950B1E92591F0057066D /* Alamofire.xcodeproj */;
			proxyType = 2;
			remoteGlobalIDString = 4DD67C0B1A5C55C900ED2280;
			remoteInfo = "Alamofire macOS";
		};
		44CC951C1E92591F0057066D /* PBXContainerItemProxy */ = {
			isa = PBXContainerItemProxy;
			containerPortal = 44CC950B1E92591F0057066D /* Alamofire.xcodeproj */;
			proxyType = 2;
			remoteGlobalIDString = F829C6B21A7A94F100A2CD59;
			remoteInfo = "Alamofire macOS Tests";
		};
		44CC951E1E92591F0057066D /* PBXContainerItemProxy */ = {
			isa = PBXContainerItemProxy;
			containerPortal = 44CC950B1E92591F0057066D /* Alamofire.xcodeproj */;
			proxyType = 2;
			remoteGlobalIDString = 4CF626EF1BA7CB3E0011A099;
			remoteInfo = "Alamofire tvOS";
		};
		44CC95201E92591F0057066D /* PBXContainerItemProxy */ = {
			isa = PBXContainerItemProxy;
			containerPortal = 44CC950B1E92591F0057066D /* Alamofire.xcodeproj */;
			proxyType = 2;
			remoteGlobalIDString = 4CF626F81BA7CB3E0011A099;
			remoteInfo = "Alamofire tvOS Tests";
		};
		44CC95221E92591F0057066D /* PBXContainerItemProxy */ = {
			isa = PBXContainerItemProxy;
			containerPortal = 44CC950B1E92591F0057066D /* Alamofire.xcodeproj */;
			proxyType = 2;
			remoteGlobalIDString = E4202FE01B667AA100C997FB;
			remoteInfo = "Alamofire watchOS";
		};
		44CC95241E925AA00057066D /* PBXContainerItemProxy */ = {
			isa = PBXContainerItemProxy;
			containerPortal = 44CC950B1E92591F0057066D /* Alamofire.xcodeproj */;
			proxyType = 1;
			remoteGlobalIDString = F8111E3219A95C8B0040E7D1;
			remoteInfo = "Alamofire iOS";
		};
/* End PBXContainerItemProxy section */

/* Begin PBXFileReference section */
		443776C41E9E384500F98F4F /* SwiftyJSON.xcodeproj */ = {isa = PBXFileReference; lastKnownFileType = "wrapper.pb-project"; name = SwiftyJSON.xcodeproj; path = "../../../../../Downloads/SwiftyJSON-master/SwiftyJSON.xcodeproj"; sourceTree = "<group>"; };
		445461A61E8AB99D0097EA25 /* recoding diet.app */ = {isa = PBXFileReference; explicitFileType = wrapper.application; includeInIndex = 0; path = "recoding diet.app"; sourceTree = BUILT_PRODUCTS_DIR; };
		445461A91E8AB99D0097EA25 /* AppDelegate.swift */ = {isa = PBXFileReference; lastKnownFileType = sourcecode.swift; path = AppDelegate.swift; sourceTree = "<group>"; };
		445461AB1E8AB99D0097EA25 /* FirstViewController.swift */ = {isa = PBXFileReference; lastKnownFileType = sourcecode.swift; path = FirstViewController.swift; sourceTree = "<group>"; };
		445461AD1E8AB99D0097EA25 /* SecondViewController.swift */ = {isa = PBXFileReference; lastKnownFileType = sourcecode.swift; path = SecondViewController.swift; sourceTree = "<group>"; };
		445461B01E8AB99D0097EA25 /* Base */ = {isa = PBXFileReference; lastKnownFileType = file.storyboard; name = Base; path = Base.lproj/Main.storyboard; sourceTree = "<group>"; };
		445461B21E8AB99D0097EA25 /* Assets.xcassets */ = {isa = PBXFileReference; lastKnownFileType = folder.assetcatalog; path = Assets.xcassets; sourceTree = "<group>"; };
		445461B51E8AB99D0097EA25 /* Base */ = {isa = PBXFileReference; lastKnownFileType = file.storyboard; name = Base; path = Base.lproj/LaunchScreen.storyboard; sourceTree = "<group>"; };
		445461B71E8AB99D0097EA25 /* Info.plist */ = {isa = PBXFileReference; lastKnownFileType = text.plist.xml; path = Info.plist; sourceTree = "<group>"; };
		445461BC1E8AB99D0097EA25 /* recoding dietTests.xctest */ = {isa = PBXFileReference; explicitFileType = wrapper.cfbundle; includeInIndex = 0; path = "recoding dietTests.xctest"; sourceTree = BUILT_PRODUCTS_DIR; };
		445461C01E8AB99D0097EA25 /* recoding_dietTests.swift */ = {isa = PBXFileReference; lastKnownFileType = sourcecode.swift; path = recoding_dietTests.swift; sourceTree = "<group>"; };
		445461C21E8AB99D0097EA25 /* Info.plist */ = {isa = PBXFileReference; lastKnownFileType = text.plist.xml; path = Info.plist; sourceTree = "<group>"; };
		445461C71E8AB99D0097EA25 /* recoding dietUITests.xctest */ = {isa = PBXFileReference; explicitFileType = wrapper.cfbundle; includeInIndex = 0; path = "recoding dietUITests.xctest"; sourceTree = BUILT_PRODUCTS_DIR; };
		445461CB1E8AB99D0097EA25 /* recoding_dietUITests.swift */ = {isa = PBXFileReference; lastKnownFileType = sourcecode.swift; path = recoding_dietUITests.swift; sourceTree = "<group>"; };
		445461CD1E8AB99D0097EA25 /* Info.plist */ = {isa = PBXFileReference; lastKnownFileType = text.plist.xml; path = Info.plist; sourceTree = "<group>"; };
		446E1C4E1E8CEB3F009FB49D /* ThirdViewController.swift */ = {isa = PBXFileReference; fileEncoding = 4; lastKnownFileType = sourcecode.swift; path = ThirdViewController.swift; sourceTree = "<group>"; };
		446E1C521E8D0E35009FB49D /* pencil@2x.png */ = {isa = PBXFileReference; lastKnownFileType = image.png; path = "pencil@2x.png"; sourceTree = "<group>"; };
		446E1C531E8D0E35009FB49D /* cog_01@2x.png */ = {isa = PBXFileReference; lastKnownFileType = image.png; path = "cog_01@2x.png"; sourceTree = "<group>"; };
		446E1C541E8D0E35009FB49D /* graph_bar@2x.png */ = {isa = PBXFileReference; lastKnownFileType = image.png; path = "graph_bar@2x.png"; sourceTree = "<group>"; };
		44CC950B1E92591F0057066D /* Alamofire.xcodeproj */ = {isa = PBXFileReference; lastKnownFileType = "wrapper.pb-project"; name = Alamofire.xcodeproj; path = "Alamofire-master/Alamofire.xcodeproj"; sourceTree = "<group>"; };
/* End PBXFileReference section */

/* Begin PBXFrameworksBuildPhase section */
		445461A31E8AB99D0097EA25 /* Frameworks */ = {
			isa = PBXFrameworksBuildPhase;
			buildActionMask = 2147483647;
			files = (
			);
			runOnlyForDeploymentPostprocessing = 0;
		};
		445461B91E8AB99D0097EA25 /* Frameworks */ = {
			isa = PBXFrameworksBuildPhase;
			buildActionMask = 2147483647;
			files = (
			);
			runOnlyForDeploymentPostprocessing = 0;
		};
		445461C41E8AB99D0097EA25 /* Frameworks */ = {
			isa = PBXFrameworksBuildPhase;
			buildActionMask = 2147483647;
			files = (
			);
			runOnlyForDeploymentPostprocessing = 0;
		};
/* End PBXFrameworksBuildPhase section */

/* Begin PBXGroup section */
		443776C51E9E384500F98F4F /* Products */ = {
			isa = PBXGroup;
			children = (
				443776D71E9E384500F98F4F /* SwiftyJSON.framework */,
				443776D91E9E384500F98F4F /* SwiftyJSON iOS Tests.xctest */,
				443776DB1E9E384500F98F4F /* SwiftyJSON.framework */,
				443776DD1E9E384500F98F4F /* SwiftyJSON OSX Tests.xctest */,
				443776DF1E9E384500F98F4F /* SwiftyJSON.framework */,
				443776E11E9E384500F98F4F /* SwiftyJSON.framework */,
				443776E31E9E384500F98F4F /* SwiftyJSON tvOS Tests.xctest */,
			);
			name = Products;
			sourceTree = "<group>";
		};
		4454619D1E8AB99D0097EA25 = {
			isa = PBXGroup;
			children = (
				443776C41E9E384500F98F4F /* SwiftyJSON.xcodeproj */,
				44CC950B1E92591F0057066D /* Alamofire.xcodeproj */,
				445461A81E8AB99D0097EA25 /* recoding diet */,
				445461BF1E8AB99D0097EA25 /* recoding dietTests */,
				445461CA1E8AB99D0097EA25 /* recoding dietUITests */,
				445461A71E8AB99D0097EA25 /* Products */,
			);
			sourceTree = "<group>";
		};
		445461A71E8AB99D0097EA25 /* Products */ = {
			isa = PBXGroup;
			children = (
				445461A61E8AB99D0097EA25 /* recoding diet.app */,
				445461BC1E8AB99D0097EA25 /* recoding dietTests.xctest */,
				445461C71E8AB99D0097EA25 /* recoding dietUITests.xctest */,
			);
			name = Products;
			sourceTree = "<group>";
		};
		445461A81E8AB99D0097EA25 /* recoding diet */ = {
			isa = PBXGroup;
			children = (
				445461A91E8AB99D0097EA25 /* AppDelegate.swift */,
				445461AB1E8AB99D0097EA25 /* FirstViewController.swift */,
				446E1C4E1E8CEB3F009FB49D /* ThirdViewController.swift */,
				445461AD1E8AB99D0097EA25 /* SecondViewController.swift */,
				445461AF1E8AB99D0097EA25 /* Main.storyboard */,
				445461B21E8AB99D0097EA25 /* Assets.xcassets */,
				445461B41E8AB99D0097EA25 /* LaunchScreen.storyboard */,
				446E1C521E8D0E35009FB49D /* pencil@2x.png */,
				446E1C531E8D0E35009FB49D /* cog_01@2x.png */,
				446E1C541E8D0E35009FB49D /* graph_bar@2x.png */,
				445461B71E8AB99D0097EA25 /* Info.plist */,
			);
			path = "recoding diet";
			sourceTree = "<group>";
		};
		445461BF1E8AB99D0097EA25 /* recoding dietTests */ = {
			isa = PBXGroup;
			children = (
				445461C01E8AB99D0097EA25 /* recoding_dietTests.swift */,
				445461C21E8AB99D0097EA25 /* Info.plist */,
			);
			path = "recoding dietTests";
			sourceTree = "<group>";
		};
		445461CA1E8AB99D0097EA25 /* recoding dietUITests */ = {
			isa = PBXGroup;
			children = (
				445461CB1E8AB99D0097EA25 /* recoding_dietUITests.swift */,
				445461CD1E8AB99D0097EA25 /* Info.plist */,
			);
			path = "recoding dietUITests";
			sourceTree = "<group>";
		};
		44CC950C1E92591F0057066D /* Products */ = {
			isa = PBXGroup;
			children = (
				44CC95171E92591F0057066D /* Alamofire.framework */,
				44CC95191E92591F0057066D /* Alamofire iOS Tests.xctest */,
				44CC951B1E92591F0057066D /* Alamofire.framework */,
				44CC951D1E92591F0057066D /* Alamofire macOS Tests.xctest */,
				44CC951F1E92591F0057066D /* Alamofire.framework */,
				44CC95211E92591F0057066D /* Alamofire tvOS Tests.xctest */,
				44CC95231E92591F0057066D /* Alamofire.framework */,
			);
			name = Products;
			sourceTree = "<group>";
		};
/* End PBXGroup section */

/* Begin PBXNativeTarget section */
		445461A51E8AB99D0097EA25 /* recoding diet */ = {
			isa = PBXNativeTarget;
			buildConfigurationList = 445461D01E8AB99D0097EA25 /* Build configuration list for PBXNativeTarget "recoding diet" */;
			buildPhases = (
				445461A21E8AB99D0097EA25 /* Sources */,
				445461A31E8AB99D0097EA25 /* Frameworks */,
				445461A41E8AB99D0097EA25 /* Resources */,
			);
			buildRules = (
			);
			dependencies = (
				443776E51E9E386D00F98F4F /* PBXTargetDependency */,
				44CC95251E925AA00057066D /* PBXTargetDependency */,
			);
			name = "recoding diet";
			productName = "recoding diet";
			productReference = 445461A61E8AB99D0097EA25 /* recoding diet.app */;
			productType = "com.apple.product-type.application";
		};
		445461BB1E8AB99D0097EA25 /* recoding dietTests */ = {
			isa = PBXNativeTarget;
			buildConfigurationList = 445461D31E8AB99D0097EA25 /* Build configuration list for PBXNativeTarget "recoding dietTests" */;
			buildPhases = (
				445461B81E8AB99D0097EA25 /* Sources */,
				445461B91E8AB99D0097EA25 /* Frameworks */,
				445461BA1E8AB99D0097EA25 /* Resources */,
			);
			buildRules = (
			);
			dependencies = (
				445461BE1E8AB99D0097EA25 /* PBXTargetDependency */,
			);
			name = "recoding dietTests";
			productName = "recoding dietTests";
			productReference = 445461BC1E8AB99D0097EA25 /* recoding dietTests.xctest */;
			productType = "com.apple.product-type.bundle.unit-test";
		};
		445461C61E8AB99D0097EA25 /* recoding dietUITests */ = {
			isa = PBXNativeTarget;
			buildConfigurationList = 445461D61E8AB99D0097EA25 /* Build configuration list for PBXNativeTarget "recoding dietUITests" */;
			buildPhases = (
				445461C31E8AB99D0097EA25 /* Sources */,
				445461C41E8AB99D0097EA25 /* Frameworks */,
				445461C51E8AB99D0097EA25 /* Resources */,
			);
			buildRules = (
			);
			dependencies = (
				445461C91E8AB99D0097EA25 /* PBXTargetDependency */,
			);
			name = "recoding dietUITests";
			productName = "recoding dietUITests";
			productReference = 445461C71E8AB99D0097EA25 /* recoding dietUITests.xctest */;
			productType = "com.apple.product-type.bundle.ui-testing";
		};
/* End PBXNativeTarget section */

/* Begin PBXProject section */
		4454619E1E8AB99D0097EA25 /* Project object */ = {
			isa = PBXProject;
			attributes = {
				LastSwiftUpdateCheck = 0820;
				LastUpgradeCheck = 0820;
				ORGANIZATIONNAME = "久世昌和";
				TargetAttributes = {
					445461A51E8AB99D0097EA25 = {
						CreatedOnToolsVersion = 8.2.1;
						ProvisioningStyle = Automatic;
					};
					445461BB1E8AB99D0097EA25 = {
						CreatedOnToolsVersion = 8.2.1;
						ProvisioningStyle = Automatic;
						TestTargetID = 445461A51E8AB99D0097EA25;
					};
					445461C61E8AB99D0097EA25 = {
						CreatedOnToolsVersion = 8.2.1;
						ProvisioningStyle = Automatic;
						TestTargetID = 445461A51E8AB99D0097EA25;
					};
				};
			};
			buildConfigurationList = 445461A11E8AB99D0097EA25 /* Build configuration list for PBXProject "recoding diet" */;
			compatibilityVersion = "Xcode 3.2";
			developmentRegion = English;
			hasScannedForEncodings = 0;
			knownRegions = (
				en,
				Base,
			);
			mainGroup = 4454619D1E8AB99D0097EA25;
			productRefGroup = 445461A71E8AB99D0097EA25 /* Products */;
			projectDirPath = "";
			projectReferences = (
				{
					ProductGroup = 44CC950C1E92591F0057066D /* Products */;
					ProjectRef = 44CC950B1E92591F0057066D /* Alamofire.xcodeproj */;
				},
				{
					ProductGroup = 443776C51E9E384500F98F4F /* Products */;
					ProjectRef = 443776C41E9E384500F98F4F /* SwiftyJSON.xcodeproj */;
				},
			);
			projectRoot = "";
			targets = (
				445461A51E8AB99D0097EA25 /* recoding diet */,
				445461BB1E8AB99D0097EA25 /* recoding dietTests */,
				445461C61E8AB99D0097EA25 /* recoding dietUITests */,
			);
		};
/* End PBXProject section */

/* Begin PBXReferenceProxy section */
		443776D71E9E384500F98F4F /* SwiftyJSON.framework */ = {
			isa = PBXReferenceProxy;
			fileType = wrapper.framework;
			path = SwiftyJSON.framework;
			remoteRef = 443776D61E9E384500F98F4F /* PBXContainerItemProxy */;
			sourceTree = BUILT_PRODUCTS_DIR;
		};
		443776D91E9E384500F98F4F /* SwiftyJSON iOS Tests.xctest */ = {
			isa = PBXReferenceProxy;
			fileType = wrapper.cfbundle;
			path = "SwiftyJSON iOS Tests.xctest";
			remoteRef = 443776D81E9E384500F98F4F /* PBXContainerItemProxy */;
			sourceTree = BUILT_PRODUCTS_DIR;
		};
		443776DB1E9E384500F98F4F /* SwiftyJSON.framework */ = {
			isa = PBXReferenceProxy;
			fileType = wrapper.framework;
			path = SwiftyJSON.framework;
			remoteRef = 443776DA1E9E384500F98F4F /* PBXContainerItemProxy */;
			sourceTree = BUILT_PRODUCTS_DIR;
		};
		443776DD1E9E384500F98F4F /* SwiftyJSON OSX Tests.xctest */ = {
			isa = PBXReferenceProxy;
			fileType = wrapper.cfbundle;
			path = "SwiftyJSON OSX Tests.xctest";
			remoteRef = 443776DC1E9E384500F98F4F /* PBXContainerItemProxy */;
			sourceTree = BUILT_PRODUCTS_DIR;
		};
		443776DF1E9E384500F98F4F /* SwiftyJSON.framework */ = {
			isa = PBXReferenceProxy;
			fileType = wrapper.framework;
			path = SwiftyJSON.framework;
			remoteRef = 443776DE1E9E384500F98F4F /* PBXContainerItemProxy */;
			sourceTree = BUILT_PRODUCTS_DIR;
		};
		443776E11E9E384500F98F4F /* SwiftyJSON.framework */ = {
			isa = PBXReferenceProxy;
			fileType = wrapper.framework;
			path = SwiftyJSON.framework;
			remoteRef = 443776E01E9E384500F98F4F /* PBXContainerItemProxy */;
			sourceTree = BUILT_PRODUCTS_DIR;
		};
		443776E31E9E384500F98F4F /* SwiftyJSON tvOS Tests.xctest */ = {
			isa = PBXReferenceProxy;
			fileType = wrapper.cfbundle;
			path = "SwiftyJSON tvOS Tests.xctest";
			remoteRef = 443776E21E9E384500F98F4F /* PBXContainerItemProxy */;
			sourceTree = BUILT_PRODUCTS_DIR;
		};
		44CC95171E92591F0057066D /* Alamofire.framework */ = {
			isa = PBXReferenceProxy;
			fileType = wrapper.framework;
			path = Alamofire.framework;
			remoteRef = 44CC95161E92591F0057066D /* PBXContainerItemProxy */;
			sourceTree = BUILT_PRODUCTS_DIR;
		};
		44CC95191E92591F0057066D /* Alamofire iOS Tests.xctest */ = {
			isa = PBXReferenceProxy;
			fileType = wrapper.cfbundle;
			path = "Alamofire iOS Tests.xctest";
			remoteRef = 44CC95181E92591F0057066D /* PBXContainerItemProxy */;
			sourceTree = BUILT_PRODUCTS_DIR;
		};
		44CC951B1E92591F0057066D /* Alamofire.framework */ = {
			isa = PBXReferenceProxy;
			fileType = wrapper.framework;
			path = Alamofire.framework;
			remoteRef = 44CC951A1E92591F0057066D /* PBXContainerItemProxy */;
			sourceTree = BUILT_PRODUCTS_DIR;
		};
		44CC951D1E92591F0057066D /* Alamofire macOS Tests.xctest */ = {
			isa = PBXReferenceProxy;
			fileType = wrapper.cfbundle;
			path = "Alamofire macOS Tests.xctest";
			remoteRef = 44CC951C1E92591F0057066D /* PBXContainerItemProxy */;
			sourceTree = BUILT_PRODUCTS_DIR;
		};
		44CC951F1E92591F0057066D /* Alamofire.framework */ = {
			isa = PBXReferenceProxy;
			fileType = wrapper.framework;
			path = Alamofire.framework;
			remoteRef = 44CC951E1E92591F0057066D /* PBXContainerItemProxy */;
			sourceTree = BUILT_PRODUCTS_DIR;
		};
		44CC95211E92591F0057066D /* Alamofire tvOS Tests.xctest */ = {
			isa = PBXReferenceProxy;
			fileType = wrapper.cfbundle;
			path = "Alamofire tvOS Tests.xctest";
			remoteRef = 44CC95201E92591F0057066D /* PBXContainerItemProxy */;
			sourceTree = BUILT_PRODUCTS_DIR;
		};
		44CC95231E92591F0057066D /* Alamofire.framework */ = {
			isa = PBXReferenceProxy;
			fileType = wrapper.framework;
			path = Alamofire.framework;
			remoteRef = 44CC95221E92591F0057066D /* PBXContainerItemProxy */;
			sourceTree = BUILT_PRODUCTS_DIR;
		};
/* End PBXReferenceProxy section */

/* Begin PBXResourcesBuildPhase section */
		445461A41E8AB99D0097EA25 /* Resources */ = {
			isa = PBXResourcesBuildPhase;
			buildActionMask = 2147483647;
			files = (
				445461B61E8AB99D0097EA25 /* LaunchScreen.storyboard in Resources */,
				446E1C571E8D0E35009FB49D /* graph_bar@2x.png in Resources */,
				446E1C551E8D0E35009FB49D /* pencil@2x.png in Resources */,
				445461B31E8AB99D0097EA25 /* Assets.xcassets in Resources */,
				446E1C561E8D0E35009FB49D /* cog_01@2x.png in Resources */,
				445461B11E8AB99D0097EA25 /* Main.storyboard in Resources */,
			);
			runOnlyForDeploymentPostprocessing = 0;
		};
		445461BA1E8AB99D0097EA25 /* Resources */ = {
			isa = PBXResourcesBuildPhase;
			buildActionMask = 2147483647;
			files = (
			);
			runOnlyForDeploymentPostprocessing = 0;
		};
		445461C51E8AB99D0097EA25 /* Resources */ = {
			isa = PBXResourcesBuildPhase;
			buildActionMask = 2147483647;
			files = (
			);
			runOnlyForDeploymentPostprocessing = 0;
		};
/* End PBXResourcesBuildPhase section */

/* Begin PBXSourcesBuildPhase section */
		445461A21E8AB99D0097EA25 /* Sources */ = {
			isa = PBXSourcesBuildPhase;
			buildActionMask = 2147483647;
			files = (
				445461AE1E8AB99D0097EA25 /* SecondViewController.swift in Sources */,
				445461AA1E8AB99D0097EA25 /* AppDelegate.swift in Sources */,
				446E1C4F1E8CEB3F009FB49D /* ThirdViewController.swift in Sources */,
				445461AC1E8AB99D0097EA25 /* FirstViewController.swift in Sources */,
			);
			runOnlyForDeploymentPostprocessing = 0;
		};
		445461B81E8AB99D0097EA25 /* Sources */ = {
			isa = PBXSourcesBuildPhase;
			buildActionMask = 2147483647;
			files = (
				445461C11E8AB99D0097EA25 /* recoding_dietTests.swift in Sources */,
			);
			runOnlyForDeploymentPostprocessing = 0;
		};
		445461C31E8AB99D0097EA25 /* Sources */ = {
			isa = PBXSourcesBuildPhase;
			buildActionMask = 2147483647;
			files = (
				445461CC1E8AB99D0097EA25 /* recoding_dietUITests.swift in Sources */,
			);
			runOnlyForDeploymentPostprocessing = 0;
		};
/* End PBXSourcesBuildPhase section */

/* Begin PBXTargetDependency section */
		443776E51E9E386D00F98F4F /* PBXTargetDependency */ = {
			isa = PBXTargetDependency;
			name = "SwiftyJSON iOS";
			targetProxy = 443776E41E9E386D00F98F4F /* PBXContainerItemProxy */;
		};
		445461BE1E8AB99D0097EA25 /* PBXTargetDependency */ = {
			isa = PBXTargetDependency;
			target = 445461A51E8AB99D0097EA25 /* recoding diet */;
			targetProxy = 445461BD1E8AB99D0097EA25 /* PBXContainerItemProxy */;
		};
		445461C91E8AB99D0097EA25 /* PBXTargetDependency */ = {
			isa = PBXTargetDependency;
			target = 445461A51E8AB99D0097EA25 /* recoding diet */;
			targetProxy = 445461C81E8AB99D0097EA25 /* PBXContainerItemProxy */;
		};
		44CC95251E925AA00057066D /* PBXTargetDependency */ = {
			isa = PBXTargetDependency;
			name = "Alamofire iOS";
			targetProxy = 44CC95241E925AA00057066D /* PBXContainerItemProxy */;
		};
/* End PBXTargetDependency section */

/* Begin PBXVariantGroup section */
		445461AF1E8AB99D0097EA25 /* Main.storyboard */ = {
			isa = PBXVariantGroup;
			children = (
				445461B01E8AB99D0097EA25 /* Base */,
			);
			name = Main.storyboard;
			sourceTree = "<group>";
		};
		445461B41E8AB99D0097EA25 /* LaunchScreen.storyboard */ = {
			isa = PBXVariantGroup;
			children = (
				445461B51E8AB99D0097EA25 /* Base */,
			);
			name = LaunchScreen.storyboard;
			sourceTree = "<group>";
		};
/* End PBXVariantGroup section */

/* Begin XCBuildConfiguration section */
		445461CE1E8AB99D0097EA25 /* Debug */ = {
			isa = XCBuildConfiguration;
			buildSettings = {
				ALWAYS_SEARCH_USER_PATHS = NO;
				CLANG_ANALYZER_NONNULL = YES;
				CLANG_CXX_LANGUAGE_STANDARD = "gnu++0x";
				CLANG_CXX_LIBRARY = "libc++";
				CLANG_ENABLE_MODULES = YES;
				CLANG_ENABLE_OBJC_ARC = YES;
				CLANG_WARN_BOOL_CONVERSION = YES;
				CLANG_WARN_CONSTANT_CONVERSION = YES;
				CLANG_WARN_DIRECT_OBJC_ISA_USAGE = YES_ERROR;
				CLANG_WARN_DOCUMENTATION_COMMENTS = YES;
				CLANG_WARN_EMPTY_BODY = YES;
				CLANG_WARN_ENUM_CONVERSION = YES;
				CLANG_WARN_INFINITE_RECURSION = YES;
				CLANG_WARN_INT_CONVERSION = YES;
				CLANG_WARN_OBJC_ROOT_CLASS = YES_ERROR;
				CLANG_WARN_SUSPICIOUS_MOVE = YES;
				CLANG_WARN_UNREACHABLE_CODE = YES;
				CLANG_WARN__DUPLICATE_METHOD_MATCH = YES;
				"CODE_SIGN_IDENTITY[sdk=iphoneos*]" = "iPhone Developer";
				COPY_PHASE_STRIP = NO;
				DEBUG_INFORMATION_FORMAT = dwarf;
				ENABLE_STRICT_OBJC_MSGSEND = YES;
				ENABLE_TESTABILITY = YES;
				GCC_C_LANGUAGE_STANDARD = gnu99;
				GCC_DYNAMIC_NO_PIC = NO;
				GCC_NO_COMMON_BLOCKS = YES;
				GCC_OPTIMIZATION_LEVEL = 0;
				GCC_PREPROCESSOR_DEFINITIONS = (
					"DEBUG=1",
					"$(inherited)",
				);
				GCC_WARN_64_TO_32_BIT_CONVERSION = YES;
				GCC_WARN_ABOUT_RETURN_TYPE = YES_ERROR;
				GCC_WARN_UNDECLARED_SELECTOR = YES;
				GCC_WARN_UNINITIALIZED_AUTOS = YES_AGGRESSIVE;
				GCC_WARN_UNUSED_FUNCTION = YES;
				GCC_WARN_UNUSED_VARIABLE = YES;
				IPHONEOS_DEPLOYMENT_TARGET = 10.2;
				MTL_ENABLE_DEBUG_INFO = YES;
				ONLY_ACTIVE_ARCH = YES;
				SDKROOT = iphoneos;
				SWIFT_ACTIVE_COMPILATION_CONDITIONS = DEBUG;
				SWIFT_OPTIMIZATION_LEVEL = "-Onone";
			};
			name = Debug;
		};
		445461CF1E8AB99D0097EA25 /* Release */ = {
			isa = XCBuildConfiguration;
			buildSettings = {
				ALWAYS_SEARCH_USER_PATHS = NO;
				CLANG_ANALYZER_NONNULL = YES;
				CLANG_CXX_LANGUAGE_STANDARD = "gnu++0x";
				CLANG_CXX_LIBRARY = "libc++";
				CLANG_ENABLE_MODULES = YES;
				CLANG_ENABLE_OBJC_ARC = YES;
				CLANG_WARN_BOOL_CONVERSION = YES;
				CLANG_WARN_CONSTANT_CONVERSION = YES;
				CLANG_WARN_DIRECT_OBJC_ISA_USAGE = YES_ERROR;
				CLANG_WARN_DOCUMENTATION_COMMENTS = YES;
				CLANG_WARN_EMPTY_BODY = YES;
				CLANG_WARN_ENUM_CONVERSION = YES;
				CLANG_WARN_INFINITE_RECURSION = YES;
				CLANG_WARN_INT_CONVERSION = YES;
				CLANG_WARN_OBJC_ROOT_CLASS = YES_ERROR;
				CLANG_WARN_SUSPICIOUS_MOVE = YES;
				CLANG_WARN_UNREACHABLE_CODE = YES;
				CLANG_WARN__DUPLICATE_METHOD_MATCH = YES;
				"CODE_SIGN_IDENTITY[sdk=iphoneos*]" = "iPhone Developer";
				COPY_PHASE_STRIP = NO;
				DEBUG_INFORMATION_FORMAT = "dwarf-with-dsym";
				ENABLE_NS_ASSERTIONS = NO;
				ENABLE_STRICT_OBJC_MSGSEND = YES;
				GCC_C_LANGUAGE_STANDARD = gnu99;
				GCC_NO_COMMON_BLOCKS = YES;
				GCC_WARN_64_TO_32_BIT_CONVERSION = YES;
				GCC_WARN_ABOUT_RETURN_TYPE = YES_ERROR;
				GCC_WARN_UNDECLARED_SELECTOR = YES;
				GCC_WARN_UNINITIALIZED_AUTOS = YES_AGGRESSIVE;
				GCC_WARN_UNUSED_FUNCTION = YES;
				GCC_WARN_UNUSED_VARIABLE = YES;
				IPHONEOS_DEPLOYMENT_TARGET = 10.2;
				MTL_ENABLE_DEBUG_INFO = NO;
				SDKROOT = iphoneos;
				SWIFT_OPTIMIZATION_LEVEL = "-Owholemodule";
				VALIDATE_PRODUCT = YES;
			};
			name = Release;
		};
		445461D11E8AB99D0097EA25 /* Debug */ = {
			isa = XCBuildConfiguration;
			buildSettings = {
				ASSETCATALOG_COMPILER_APPICON_NAME = AppIcon;
				INFOPLIST_FILE = "recoding diet/Info.plist";
				LD_RUNPATH_SEARCH_PATHS = "$(inherited) @executable_path/Frameworks";
				PRODUCT_BUNDLE_IDENTIFIER = "com.matching.recoding-diet";
				PRODUCT_NAME = "$(TARGET_NAME)";
				SWIFT_VERSION = 3.0;
			};
			name = Debug;
		};
		445461D21E8AB99D0097EA25 /* Release */ = {
			isa = XCBuildConfiguration;
			buildSettings = {
				ASSETCATALOG_COMPILER_APPICON_NAME = AppIcon;
				INFOPLIST_FILE = "recoding diet/Info.plist";
				LD_RUNPATH_SEARCH_PATHS = "$(inherited) @executable_path/Frameworks";
				PRODUCT_BUNDLE_IDENTIFIER = "com.matching.recoding-diet";
				PRODUCT_NAME = "$(TARGET_NAME)";
				SWIFT_VERSION = 3.0;
			};
			name = Release;
		};
		445461D41E8AB99D0097EA25 /* Debug */ = {
			isa = XCBuildConfiguration;
			buildSettings = {
				ALWAYS_EMBED_SWIFT_STANDARD_LIBRARIES = YES;
				BUNDLE_LOADER = "$(TEST_HOST)";
				INFOPLIST_FILE = "recoding dietTests/Info.plist";
				LD_RUNPATH_SEARCH_PATHS = "$(inherited) @executable_path/Frameworks @loader_path/Frameworks";
				PRODUCT_BUNDLE_IDENTIFIER = "com.matching.recoding-dietTests";
				PRODUCT_NAME = "$(TARGET_NAME)";
				SWIFT_VERSION = 3.0;
				TEST_HOST = "$(BUILT_PRODUCTS_DIR)/recoding diet.app/recoding diet";
			};
			name = Debug;
		};
		445461D51E8AB99D0097EA25 /* Release */ = {
			isa = XCBuildConfiguration;
			buildSettings = {
				ALWAYS_EMBED_SWIFT_STANDARD_LIBRARIES = YES;
				BUNDLE_LOADER = "$(TEST_HOST)";
				INFOPLIST_FILE = "recoding dietTests/Info.plist";
				LD_RUNPATH_SEARCH_PATHS = "$(inherited) @executable_path/Frameworks @loader_path/Frameworks";
				PRODUCT_BUNDLE_IDENTIFIER = "com.matching.recoding-dietTests";
				PRODUCT_NAME = "$(TARGET_NAME)";
				SWIFT_VERSION = 3.0;
				TEST_HOST = "$(BUILT_PRODUCTS_DIR)/recoding diet.app/recoding diet";
			};
			name = Release;
		};
		445461D71E8AB99D0097EA25 /* Debug */ = {
			isa = XCBuildConfiguration;
			buildSettings = {
				ALWAYS_EMBED_SWIFT_STANDARD_LIBRARIES = YES;
				INFOPLIST_FILE = "recoding dietUITests/Info.plist";
				LD_RUNPATH_SEARCH_PATHS = "$(inherited) @executable_path/Frameworks @loader_path/Frameworks";
				PRODUCT_BUNDLE_IDENTIFIER = "com.matching.recoding-dietUITests";
				PRODUCT_NAME = "$(TARGET_NAME)";
				SWIFT_VERSION = 3.0;
				TEST_TARGET_NAME = "recoding diet";
			};
			name = Debug;
		};
		445461D81E8AB99D0097EA25 /* Release */ = {
			isa = XCBuildConfiguration;
			buildSettings = {
				ALWAYS_EMBED_SWIFT_STANDARD_LIBRARIES = YES;
				INFOPLIST_FILE = "recoding dietUITests/Info.plist";
				LD_RUNPATH_SEARCH_PATHS = "$(inherited) @executable_path/Frameworks @loader_path/Frameworks";
				PRODUCT_BUNDLE_IDENTIFIER = "com.matching.recoding-dietUITests";
				PRODUCT_NAME = "$(TARGET_NAME)";
				SWIFT_VERSION = 3.0;
				TEST_TARGET_NAME = "recoding diet";
			};
			name = Release;
		};
/* End XCBuildConfiguration section */

/* Begin XCConfigurationList section */
		445461A11E8AB99D0097EA25 /* Build configuration list for PBXProject "recoding diet" */ = {
			isa = XCConfigurationList;
			buildConfigurations = (
				445461CE1E8AB99D0097EA25 /* Debug */,
				445461CF1E8AB99D0097EA25 /* Release */,
			);
			defaultConfigurationIsVisible = 0;
			defaultConfigurationName = Release;
		};
		445461D01E8AB99D0097EA25 /* Build configuration list for PBXNativeTarget "recoding diet" */ = {
			isa = XCConfigurationList;
			buildConfigurations = (
				445461D11E8AB99D0097EA25 /* Debug */,
				445461D21E8AB99D0097EA25 /* Release */,
			);
			defaultConfigurationIsVisible = 0;
			defaultConfigurationName = Release;
		};
		445461D31E8AB99D0097EA25 /* Build configuration list for PBXNativeTarget "recoding dietTests" */ = {
			isa = XCConfigurationList;
			buildConfigurations = (
				445461D41E8AB99D0097EA25 /* Debug */,
				445461D51E8AB99D0097EA25 /* Release */,
			);
			defaultConfigurationIsVisible = 0;
			defaultConfigurationName = Release;
		};
		445461D61E8AB99D0097EA25 /* Build configuration list for PBXNativeTarget "recoding dietUITests" */ = {
			isa = XCConfigurationList;
			buildConfigurations = (
				445461D71E8AB99D0097EA25 /* Debug */,
				445461D81E8AB99D0097EA25 /* Release */,
			);
			defaultConfigurationIsVisible = 0;
			defaultConfigurationName = Release;
		};
/* End XCConfigurationList section */
	};
	rootObject = 4454619E1E8AB99D0097EA25 /* Project object */;
}
